
Microsoft Visual Studio Solution File, Format Version 12.00
# Visual Studio 2012
Project("{FAE04EC0-301F-11D3-BF4B-00C04F79EFBC}") = "ResxTranslate", "ResxTranslate\ResxTranslate.csproj", "{F153A1DF-9323-4FFA-8122-91FACEA4F507}"
EndProject
Global
	GlobalSection(SolutionConfigurationPlatforms) = preSolution
		Debug|Any CPU = Debug|Any CPU
		Release|Any CPU = Release|Any CPU
	EndGlobalSection
	GlobalSection(ProjectConfigurationPlatforms) = postSolution
		{F153A1DF-9323-4FFA-8122-91FACEA4F507}.Debug|Any CPU.ActiveCfg = Debug|Any CPU
		{F153A1DF-9323-4FFA-8122-91FACEA4F507}.Debug|Any CPU.Build.0 = Debug|Any CPU
		{F153A1DF-9323-4FFA-8122-91FACEA4F507}.Release|Any CPU.ActiveCfg = Release|Any CPU
		{F153A1DF-9323-4FFA-8122-91FACEA4F507}.Release|Any CPU.Build.0 = Release|Any CPU
	EndGlobalSection
	GlobalSection(SolutionProperties) = preSolution
		HideSolutionNode = FALSE
	EndGlobalSection
EndGlobal
